
Microsoft Visual Studio Solution File, Format Version 12.00
# Visual Studio 14
VisualStudioVersion = 14.0.25420.1
MinimumVisualStudioVersion = 10.0.40219.1
Project("{FAE04EC0-301F-11D3-BF4B-00C04F79EFBC}") = "LogSender", "LogSender.csproj", "{31A84E6A-2D4C-4501-B4CE-CB178C520336}"
EndProject
Project("{FAE04EC0-301F-11D3-BF4B-00C04F79EFBC}") = "Server", "..\Server\Server.csproj", "{CCEB2FEE-05C2-4CE0-8F8E-560EFF1B3971}"
EndProject
Global
	GlobalSection(SolutionConfigurationPlatforms) = preSolution
		Debug|Any CPU = Debug|Any CPU
		Release|Any CPU = Release|Any CPU
	EndGlobalSection
	GlobalSection(ProjectConfigurationPlatforms) = postSolution
		{31A84E6A-2D4C-4501-B4CE-CB178C520336}.Debug|Any CPU.ActiveCfg = Debug|Any CPU
		{31A84E6A-2D4C-4501-B4CE-CB178C520336}.Debug|Any CPU.Build.0 = Debug|Any CPU
		{31A84E6A-2D4C-4501-B4CE-CB178C520336}.Release|Any CPU.ActiveCfg = Release|Any CPU
		{31A84E6A-2D4C-4501-B4CE-CB178C520336}.Release|Any CPU.Build.0 = Release|Any CPU
		{CCEB2FEE-05C2-4CE0-8F8E-560EFF1B3971}.Debug|Any CPU.ActiveCfg = Debug|Any CPU
		{CCEB2FEE-05C2-4CE0-8F8E-560EFF1B3971}.Debug|Any CPU.Build.0 = Debug|Any CPU
		{CCEB2FEE-05C2-4CE0-8F8E-560EFF1B3971}.Release|Any CPU.ActiveCfg = Release|Any CPU
		{CCEB2FEE-05C2-4CE0-8F8E-560EFF1B3971}.Release|Any CPU.Build.0 = Release|Any CPU
	EndGlobalSection
	GlobalSection(SolutionProperties) = preSolution
		HideSolutionNode = FALSE
	EndGlobalSection
EndGlobal
